// !$*UTF8*$!
{
	archiveVersion = 1;
	classes = {
	};
	objectVersion = 55;
	objects = {

/* Begin PBXBuildFile section */
		7672B6B427862109003C8740 /* AppDelegate.swift in Sources */ = {isa = PBXBuildFile; fileRef = 7672B6B327862109003C8740 /* AppDelegate.swift */; };
		7672B6BD2786210C003C8740 /* Assets.xcassets in Resources */ = {isa = PBXBuildFile; fileRef = 7672B6BC2786210C003C8740 /* Assets.xcassets */; };
		7672B6C02786210C003C8740 /* LaunchScreen.storyboard in Resources */ = {isa = PBXBuildFile; fileRef = 7672B6BE2786210C003C8740 /* LaunchScreen.storyboard */; };
		7672B6CB2786210D003C8740 /* MobiquityTests.swift in Sources */ = {isa = PBXBuildFile; fileRef = 7672B6CA2786210D003C8740 /* MobiquityTests.swift */; };
		7672B6D52786210D003C8740 /* MobiquityUITests.swift in Sources */ = {isa = PBXBuildFile; fileRef = 7672B6D42786210D003C8740 /* MobiquityUITests.swift */; };
		7672B6D72786210D003C8740 /* MobiquityUITestsLaunchTests.swift in Sources */ = {isa = PBXBuildFile; fileRef = 7672B6D62786210D003C8740 /* MobiquityUITestsLaunchTests.swift */; };
		7672B6E92786242B003C8740 /* UICollectionView+Extension.swift in Sources */ = {isa = PBXBuildFile; fileRef = 7672B6E82786242B003C8740 /* UICollectionView+Extension.swift */; };
		7672B6ED27862764003C8740 /* Network in Frameworks */ = {isa = PBXBuildFile; productRef = 7672B6EC27862764003C8740 /* Network */; };
		7672B6F52786384B003C8740 /* SearchViewController.swift in Sources */ = {isa = PBXBuildFile; fileRef = 7672B6F32786384B003C8740 /* SearchViewController.swift */; };
		7672B6F62786384B003C8740 /* SearchViewController.xib in Resources */ = {isa = PBXBuildFile; fileRef = 7672B6F42786384B003C8740 /* SearchViewController.xib */; };
		7672B6F827863860003C8740 /* SearchViewPresenter.swift in Sources */ = {isa = PBXBuildFile; fileRef = 7672B6F727863860003C8740 /* SearchViewPresenter.swift */; };
		7672B6FA27863869003C8740 /* SearchViewInteractor.swift in Sources */ = {isa = PBXBuildFile; fileRef = 7672B6F927863869003C8740 /* SearchViewInteractor.swift */; };
		7672B6FC27863871003C8740 /* SearchViewRouter.swift in Sources */ = {isa = PBXBuildFile; fileRef = 7672B6FB27863871003C8740 /* SearchViewRouter.swift */; };
		7672B6FF278638AE003C8740 /* BaseViewInterface.swift in Sources */ = {isa = PBXBuildFile; fileRef = 7672B6FE278638AE003C8740 /* BaseViewInterface.swift */; };
		7672B702278638CD003C8740 /* CollectionViewInterface.swift in Sources */ = {isa = PBXBuildFile; fileRef = 7672B701278638CD003C8740 /* CollectionViewInterface.swift */; };
		7672B70427863910003C8740 /* BaseViewPresenterInterface.swift in Sources */ = {isa = PBXBuildFile; fileRef = 7672B70327863910003C8740 /* BaseViewPresenterInterface.swift */; };
		7672B7072786397C003C8740 /* UIViewController+Extension.swift in Sources */ = {isa = PBXBuildFile; fileRef = 7672B7062786397C003C8740 /* UIViewController+Extension.swift */; };
		7672B70927863A3B003C8740 /* CollectionViewPresenterInterface.swift in Sources */ = {isa = PBXBuildFile; fileRef = 7672B70827863A3B003C8740 /* CollectionViewPresenterInterface.swift */; };
		7672B70C27863AFA003C8740 /* BaseInteractorOutput.swift in Sources */ = {isa = PBXBuildFile; fileRef = 7672B70B27863AFA003C8740 /* BaseInteractorOutput.swift */; };
		7672B70F27863EB4003C8740 /* SearchHelper.swift in Sources */ = {isa = PBXBuildFile; fileRef = 7672B70E27863EB4003C8740 /* SearchHelper.swift */; };
		7672B71527870D2B003C8740 /* FlickrImageCollectionViewCell.swift in Sources */ = {isa = PBXBuildFile; fileRef = 7672B71327870D2B003C8740 /* FlickrImageCollectionViewCell.swift */; };
		7672B71627870D2B003C8740 /* FlickrImageCollectionViewCell.xib in Resources */ = {isa = PBXBuildFile; fileRef = 7672B71427870D2B003C8740 /* FlickrImageCollectionViewCell.xib */; };
		7672B7182787114A003C8740 /* FlickerImageCollectionViewCellPresentation.swift in Sources */ = {isa = PBXBuildFile; fileRef = 7672B7172787114A003C8740 /* FlickerImageCollectionViewCellPresentation.swift */; };
		76754927278749E400A37870 /* Kingfisher in Frameworks */ = {isa = PBXBuildFile; productRef = 76754926278749E400A37870 /* Kingfisher */; };
		7675492C2787A1B500A37870 /* TableViewPresenterInterface.swift in Sources */ = {isa = PBXBuildFile; fileRef = 7675492B2787A1B500A37870 /* TableViewPresenterInterface.swift */; };
		7675492E2787A1D200A37870 /* TableViewInterface.swift in Sources */ = {isa = PBXBuildFile; fileRef = 7675492D2787A1D200A37870 /* TableViewInterface.swift */; };
		767549332787A5D000A37870 /* SearchManager.swift in Sources */ = {isa = PBXBuildFile; fileRef = 767549322787A5D000A37870 /* SearchManager.swift */; };
		7675493927883C8500A37870 /* MockSearchViewInteractor.swift in Sources */ = {isa = PBXBuildFile; fileRef = 7675493527883C8400A37870 /* MockSearchViewInteractor.swift */; };
		7675493A27883C8500A37870 /* SearchViewPresenterTests.swift in Sources */ = {isa = PBXBuildFile; fileRef = 7675493627883C8400A37870 /* SearchViewPresenterTests.swift */; };
		7675493B27883C8500A37870 /* MockSearchView.swift in Sources */ = {isa = PBXBuildFile; fileRef = 7675493727883C8400A37870 /* MockSearchView.swift */; };
		7675493C27883C8500A37870 /* MockSearchViewRouter.swift in Sources */ = {isa = PBXBuildFile; fileRef = 7675493827883C8500A37870 /* MockSearchViewRouter.swift */; };
		7675493E278865ED00A37870 /* MockSearchImageService.swift in Sources */ = {isa = PBXBuildFile; fileRef = 7675493D278865ED00A37870 /* MockSearchImageService.swift */; };
		76754940278865F900A37870 /* MockSearchManager.swift in Sources */ = {isa = PBXBuildFile; fileRef = 7675493F278865F900A37870 /* MockSearchManager.swift */; };
/* End PBXBuildFile section */

/* Begin PBXContainerItemProxy section */
		7672B6C72786210D003C8740 /* PBXContainerItemProxy */ = {
			isa = PBXContainerItemProxy;
			containerPortal = 7672B6A827862109003C8740 /* Project object */;
			proxyType = 1;
			remoteGlobalIDString = 7672B6AF27862109003C8740;
			remoteInfo = Mobiquity;
		};
		7672B6D12786210D003C8740 /* PBXContainerItemProxy */ = {
			isa = PBXContainerItemProxy;
			containerPortal = 7672B6A827862109003C8740 /* Project object */;
			proxyType = 1;
			remoteGlobalIDString = 7672B6AF27862109003C8740;
			remoteInfo = Mobiquity;
		};
/* End PBXContainerItemProxy section */

/* Begin PBXFileReference section */
		7672B6B027862109003C8740 /* Mobiquity.app */ = {isa = PBXFileReference; explicitFileType = wrapper.application; includeInIndex = 0; path = Mobiquity.app; sourceTree = BUILT_PRODUCTS_DIR; };
		7672B6B327862109003C8740 /* AppDelegate.swift */ = {isa = PBXFileReference; lastKnownFileType = sourcecode.swift; path = AppDelegate.swift; sourceTree = "<group>"; };
		7672B6BC2786210C003C8740 /* Assets.xcassets */ = {isa = PBXFileReference; lastKnownFileType = folder.assetcatalog; path = Assets.xcassets; sourceTree = "<group>"; };
		7672B6BF2786210C003C8740 /* Base */ = {isa = PBXFileReference; lastKnownFileType = file.storyboard; name = Base; path = Base.lproj/LaunchScreen.storyboard; sourceTree = "<group>"; };
		7672B6C12786210C003C8740 /* Info.plist */ = {isa = PBXFileReference; lastKnownFileType = text.plist.xml; path = Info.plist; sourceTree = "<group>"; };
		7672B6C62786210D003C8740 /* MobiquityTests.xctest */ = {isa = PBXFileReference; explicitFileType = wrapper.cfbundle; includeInIndex = 0; path = MobiquityTests.xctest; sourceTree = BUILT_PRODUCTS_DIR; };
		7672B6CA2786210D003C8740 /* MobiquityTests.swift */ = {isa = PBXFileReference; lastKnownFileType = sourcecode.swift; path = MobiquityTests.swift; sourceTree = "<group>"; };
		7672B6D02786210D003C8740 /* MobiquityUITests.xctest */ = {isa = PBXFileReference; explicitFileType = wrapper.cfbundle; includeInIndex = 0; path = MobiquityUITests.xctest; sourceTree = BUILT_PRODUCTS_DIR; };
		7672B6D42786210D003C8740 /* MobiquityUITests.swift */ = {isa = PBXFileReference; lastKnownFileType = sourcecode.swift; path = MobiquityUITests.swift; sourceTree = "<group>"; };
		7672B6D62786210D003C8740 /* MobiquityUITestsLaunchTests.swift */ = {isa = PBXFileReference; lastKnownFileType = sourcecode.swift; path = MobiquityUITestsLaunchTests.swift; sourceTree = "<group>"; };
		7672B6E82786242B003C8740 /* UICollectionView+Extension.swift */ = {isa = PBXFileReference; lastKnownFileType = sourcecode.swift; path = "UICollectionView+Extension.swift"; sourceTree = "<group>"; };
		7672B6F32786384B003C8740 /* SearchViewController.swift */ = {isa = PBXFileReference; lastKnownFileType = sourcecode.swift; path = SearchViewController.swift; sourceTree = "<group>"; };
		7672B6F42786384B003C8740 /* SearchViewController.xib */ = {isa = PBXFileReference; lastKnownFileType = file.xib; path = SearchViewController.xib; sourceTree = "<group>"; };
		7672B6F727863860003C8740 /* SearchViewPresenter.swift */ = {isa = PBXFileReference; lastKnownFileType = sourcecode.swift; path = SearchViewPresenter.swift; sourceTree = "<group>"; };
		7672B6F927863869003C8740 /* SearchViewInteractor.swift */ = {isa = PBXFileReference; lastKnownFileType = sourcecode.swift; path = SearchViewInteractor.swift; sourceTree = "<group>"; };
		7672B6FB27863871003C8740 /* SearchViewRouter.swift */ = {isa = PBXFileReference; lastKnownFileType = sourcecode.swift; path = SearchViewRouter.swift; sourceTree = "<group>"; };
		7672B6FE278638AE003C8740 /* BaseViewInterface.swift */ = {isa = PBXFileReference; lastKnownFileType = sourcecode.swift; path = BaseViewInterface.swift; sourceTree = "<group>"; };
		7672B701278638CD003C8740 /* CollectionViewInterface.swift */ = {isa = PBXFileReference; lastKnownFileType = sourcecode.swift; path = CollectionViewInterface.swift; sourceTree = "<group>"; };
		7672B70327863910003C8740 /* BaseViewPresenterInterface.swift */ = {isa = PBXFileReference; lastKnownFileType = sourcecode.swift; path = BaseViewPresenterInterface.swift; sourceTree = "<group>"; };
		7672B7062786397C003C8740 /* UIViewController+Extension.swift */ = {isa = PBXFileReference; lastKnownFileType = sourcecode.swift; path = "UIViewController+Extension.swift"; sourceTree = "<group>"; };
		7672B70827863A3B003C8740 /* CollectionViewPresenterInterface.swift */ = {isa = PBXFileReference; lastKnownFileType = sourcecode.swift; path = CollectionViewPresenterInterface.swift; sourceTree = "<group>"; };
		7672B70B27863AFA003C8740 /* BaseInteractorOutput.swift */ = {isa = PBXFileReference; lastKnownFileType = sourcecode.swift; path = BaseInteractorOutput.swift; sourceTree = "<group>"; };
		7672B70E27863EB4003C8740 /* SearchHelper.swift */ = {isa = PBXFileReference; lastKnownFileType = sourcecode.swift; path = SearchHelper.swift; sourceTree = "<group>"; };
		7672B71327870D2B003C8740 /* FlickrImageCollectionViewCell.swift */ = {isa = PBXFileReference; lastKnownFileType = sourcecode.swift; path = FlickrImageCollectionViewCell.swift; sourceTree = "<group>"; };
		7672B71427870D2B003C8740 /* FlickrImageCollectionViewCell.xib */ = {isa = PBXFileReference; lastKnownFileType = file.xib; path = FlickrImageCollectionViewCell.xib; sourceTree = "<group>"; };
		7672B7172787114A003C8740 /* FlickerImageCollectionViewCellPresentation.swift */ = {isa = PBXFileReference; lastKnownFileType = sourcecode.swift; path = FlickerImageCollectionViewCellPresentation.swift; sourceTree = "<group>"; };
		7675492B2787A1B500A37870 /* TableViewPresenterInterface.swift */ = {isa = PBXFileReference; lastKnownFileType = sourcecode.swift; path = TableViewPresenterInterface.swift; sourceTree = "<group>"; };
		7675492D2787A1D200A37870 /* TableViewInterface.swift */ = {isa = PBXFileReference; lastKnownFileType = sourcecode.swift; path = TableViewInterface.swift; sourceTree = "<group>"; };
		767549322787A5D000A37870 /* SearchManager.swift */ = {isa = PBXFileReference; lastKnownFileType = sourcecode.swift; path = SearchManager.swift; sourceTree = "<group>"; };
		7675493527883C8400A37870 /* MockSearchViewInteractor.swift */ = {isa = PBXFileReference; fileEncoding = 4; lastKnownFileType = sourcecode.swift; path = MockSearchViewInteractor.swift; sourceTree = "<group>"; };
		7675493627883C8400A37870 /* SearchViewPresenterTests.swift */ = {isa = PBXFileReference; fileEncoding = 4; lastKnownFileType = sourcecode.swift; path = SearchViewPresenterTests.swift; sourceTree = "<group>"; };
		7675493727883C8400A37870 /* MockSearchView.swift */ = {isa = PBXFileReference; fileEncoding = 4; lastKnownFileType = sourcecode.swift; path = MockSearchView.swift; sourceTree = "<group>"; };
		7675493827883C8500A37870 /* MockSearchViewRouter.swift */ = {isa = PBXFileReference; fileEncoding = 4; lastKnownFileType = sourcecode.swift; path = MockSearchViewRouter.swift; sourceTree = "<group>"; };
		7675493D278865ED00A37870 /* MockSearchImageService.swift */ = {isa = PBXFileReference; lastKnownFileType = sourcecode.swift; path = MockSearchImageService.swift; sourceTree = "<group>"; };
		7675493F278865F900A37870 /* MockSearchManager.swift */ = {isa = PBXFileReference; lastKnownFileType = sourcecode.swift; path = MockSearchManager.swift; sourceTree = "<group>"; };
/* End PBXFileReference section */

/* Begin PBXFrameworksBuildPhase section */
		7672B6AD27862109003C8740 /* Frameworks */ = {
			isa = PBXFrameworksBuildPhase;
			buildActionMask = 2147483647;
			files = (
				76754927278749E400A37870 /* Kingfisher in Frameworks */,
				7672B6ED27862764003C8740 /* Network in Frameworks */,
			);
			runOnlyForDeploymentPostprocessing = 0;
		};
		7672B6C32786210D003C8740 /* Frameworks */ = {
			isa = PBXFrameworksBuildPhase;
			buildActionMask = 2147483647;
			files = (
			);
			runOnlyForDeploymentPostprocessing = 0;
		};
		7672B6CD2786210D003C8740 /* Frameworks */ = {
			isa = PBXFrameworksBuildPhase;
			buildActionMask = 2147483647;
			files = (
			);
			runOnlyForDeploymentPostprocessing = 0;
		};
/* End PBXFrameworksBuildPhase section */

/* Begin PBXGroup section */
		7672B6A727862109003C8740 = {
			isa = PBXGroup;
			children = (
				7672B6B227862109003C8740 /* Mobiquity */,
				7672B6C92786210D003C8740 /* MobiquityTests */,
				7672B6D32786210D003C8740 /* MobiquityUITests */,
				7672B6B127862109003C8740 /* Products */,
				7672B6EB27862764003C8740 /* Frameworks */,
			);
			sourceTree = "<group>";
		};
		7672B6B127862109003C8740 /* Products */ = {
			isa = PBXGroup;
			children = (
				7672B6B027862109003C8740 /* Mobiquity.app */,
				7672B6C62786210D003C8740 /* MobiquityTests.xctest */,
				7672B6D02786210D003C8740 /* MobiquityUITests.xctest */,
			);
			name = Products;
			sourceTree = "<group>";
		};
		7672B6B227862109003C8740 /* Mobiquity */ = {
			isa = PBXGroup;
			children = (
				7672B6E327862342003C8740 /* App */,
				7672B6E42786239A003C8740 /* Scenes */,
				7672B6E5278623A3003C8740 /* Extensions */,
				7672B6E6278623B0003C8740 /* Common */,
				7672B6E7278623B7003C8740 /* Cells */,
				767549312787A5B900A37870 /* Managers */,
				7672B6BC2786210C003C8740 /* Assets.xcassets */,
				7672B6BE2786210C003C8740 /* LaunchScreen.storyboard */,
				7672B6C12786210C003C8740 /* Info.plist */,
			);
			path = Mobiquity;
			sourceTree = "<group>";
		};
		7672B6C92786210D003C8740 /* MobiquityTests */ = {
			isa = PBXGroup;
			children = (
				7675493427883C5100A37870 /* Search Scene */,
				7672B6CA2786210D003C8740 /* MobiquityTests.swift */,
			);
			path = MobiquityTests;
			sourceTree = "<group>";
		};
		7672B6D32786210D003C8740 /* MobiquityUITests */ = {
			isa = PBXGroup;
			children = (
				7672B6D42786210D003C8740 /* MobiquityUITests.swift */,
				7672B6D62786210D003C8740 /* MobiquityUITestsLaunchTests.swift */,
			);
			path = MobiquityUITests;
			sourceTree = "<group>";
		};
		7672B6E327862342003C8740 /* App */ = {
			isa = PBXGroup;
			children = (
				7672B6B327862109003C8740 /* AppDelegate.swift */,
			);
			path = App;
			sourceTree = "<group>";
		};
		7672B6E42786239A003C8740 /* Scenes */ = {
			isa = PBXGroup;
			children = (
				7672B6F227863769003C8740 /* Search Scene */,
			);
			path = Scenes;
			sourceTree = "<group>";
		};
		7672B6E5278623A3003C8740 /* Extensions */ = {
			isa = PBXGroup;
			children = (
				7672B6E82786242B003C8740 /* UICollectionView+Extension.swift */,
				7672B7062786397C003C8740 /* UIViewController+Extension.swift */,
			);
			path = Extensions;
			sourceTree = "<group>";
		};
		7672B6E6278623B0003C8740 /* Common */ = {
			isa = PBXGroup;
			children = (
				7672B70D27863EA2003C8740 /* Helpers */,
				7672B6FD2786389C003C8740 /* View Protocols */,
				7672B70527863936003C8740 /* Presenter Protocols */,
				7672B70A27863ADA003C8740 /* Interactor Protocols */,
			);
			path = Common;
			sourceTree = "<group>";
		};
		7672B6E7278623B7003C8740 /* Cells */ = {
			isa = PBXGroup;
			children = (
				7672B71127870D08003C8740 /* UICollection View Cells */,
			);
			path = Cells;
			sourceTree = "<group>";
		};
		7672B6EB27862764003C8740 /* Frameworks */ = {
			isa = PBXGroup;
			children = (
			);
			name = Frameworks;
			sourceTree = "<group>";
		};
		7672B6F227863769003C8740 /* Search Scene */ = {
			isa = PBXGroup;
			children = (
				7672B6F32786384B003C8740 /* SearchViewController.swift */,
				7672B6F42786384B003C8740 /* SearchViewController.xib */,
				7672B6F727863860003C8740 /* SearchViewPresenter.swift */,
				7672B6F927863869003C8740 /* SearchViewInteractor.swift */,
				7672B6FB27863871003C8740 /* SearchViewRouter.swift */,
			);
			path = "Search Scene";
			sourceTree = "<group>";
		};
		7672B6FD2786389C003C8740 /* View Protocols */ = {
			isa = PBXGroup;
			children = (
				7672B6FE278638AE003C8740 /* BaseViewInterface.swift */,
				7672B701278638CD003C8740 /* CollectionViewInterface.swift */,
				7675492D2787A1D200A37870 /* TableViewInterface.swift */,
			);
			path = "View Protocols";
			sourceTree = "<group>";
		};
		7672B70527863936003C8740 /* Presenter Protocols */ = {
			isa = PBXGroup;
			children = (
				7672B70327863910003C8740 /* BaseViewPresenterInterface.swift */,
				7672B70827863A3B003C8740 /* CollectionViewPresenterInterface.swift */,
				7675492B2787A1B500A37870 /* TableViewPresenterInterface.swift */,
			);
			path = "Presenter Protocols";
			sourceTree = "<group>";
		};
		7672B70A27863ADA003C8740 /* Interactor Protocols */ = {
			isa = PBXGroup;
			children = (
				7672B70B27863AFA003C8740 /* BaseInteractorOutput.swift */,
			);
			path = "Interactor Protocols";
			sourceTree = "<group>";
		};
		7672B70D27863EA2003C8740 /* Helpers */ = {
			isa = PBXGroup;
			children = (
				7672B70E27863EB4003C8740 /* SearchHelper.swift */,
			);
			path = Helpers;
			sourceTree = "<group>";
		};
		7672B71127870D08003C8740 /* UICollection View Cells */ = {
			isa = PBXGroup;
			children = (
				7672B71227870D0F003C8740 /* Flickr Image Cell */,
			);
			path = "UICollection View Cells";
			sourceTree = "<group>";
		};
		7672B71227870D0F003C8740 /* Flickr Image Cell */ = {
			isa = PBXGroup;
			children = (
				7672B71327870D2B003C8740 /* FlickrImageCollectionViewCell.swift */,
				7672B71427870D2B003C8740 /* FlickrImageCollectionViewCell.xib */,
				7672B7172787114A003C8740 /* FlickerImageCollectionViewCellPresentation.swift */,
			);
			path = "Flickr Image Cell";
			sourceTree = "<group>";
		};
		767549312787A5B900A37870 /* Managers */ = {
			isa = PBXGroup;
			children = (
				767549322787A5D000A37870 /* SearchManager.swift */,
			);
			path = Managers;
			sourceTree = "<group>";
		};
		7675493427883C5100A37870 /* Search Scene */ = {
			isa = PBXGroup;
			children = (
				7675493627883C8400A37870 /* SearchViewPresenterTests.swift */,
				7675493727883C8400A37870 /* MockSearchView.swift */,
				7675493527883C8400A37870 /* MockSearchViewInteractor.swift */,
				7675493827883C8500A37870 /* MockSearchViewRouter.swift */,
				7675493D278865ED00A37870 /* MockSearchImageService.swift */,
				7675493F278865F900A37870 /* MockSearchManager.swift */,
			);
			path = "Search Scene";
			sourceTree = "<group>";
		};
/* End PBXGroup section */

/* Begin PBXNativeTarget section */
		7672B6AF27862109003C8740 /* Mobiquity */ = {
			isa = PBXNativeTarget;
			buildConfigurationList = 7672B6DA2786210D003C8740 /* Build configuration list for PBXNativeTarget "Mobiquity" */;
			buildPhases = (
				7672B6AC27862109003C8740 /* Sources */,
				7672B6AD27862109003C8740 /* Frameworks */,
				7672B6AE27862109003C8740 /* Resources */,
				7672B6EA278625EA003C8740 /* ShellScript */,
			);
			buildRules = (
			);
			dependencies = (
			);
			name = Mobiquity;
			packageProductDependencies = (
				7672B6EC27862764003C8740 /* Network */,
				76754926278749E400A37870 /* Kingfisher */,
			);
			productName = Mobiquity;
			productReference = 7672B6B027862109003C8740 /* Mobiquity.app */;
			productType = "com.apple.product-type.application";
		};
		7672B6C52786210D003C8740 /* MobiquityTests */ = {
			isa = PBXNativeTarget;
			buildConfigurationList = 7672B6DD2786210D003C8740 /* Build configuration list for PBXNativeTarget "MobiquityTests" */;
			buildPhases = (
				7672B6C22786210D003C8740 /* Sources */,
				7672B6C32786210D003C8740 /* Frameworks */,
				7672B6C42786210D003C8740 /* Resources */,
			);
			buildRules = (
			);
			dependencies = (
				7672B6C82786210D003C8740 /* PBXTargetDependency */,
			);
			name = MobiquityTests;
			productName = MobiquityTests;
			productReference = 7672B6C62786210D003C8740 /* MobiquityTests.xctest */;
			productType = "com.apple.product-type.bundle.unit-test";
		};
		7672B6CF2786210D003C8740 /* MobiquityUITests */ = {
			isa = PBXNativeTarget;
			buildConfigurationList = 7672B6E02786210D003C8740 /* Build configuration list for PBXNativeTarget "MobiquityUITests" */;
			buildPhases = (
				7672B6CC2786210D003C8740 /* Sources */,
				7672B6CD2786210D003C8740 /* Frameworks */,
				7672B6CE2786210D003C8740 /* Resources */,
			);
			buildRules = (
			);
			dependencies = (
				7672B6D22786210D003C8740 /* PBXTargetDependency */,
			);
			name = MobiquityUITests;
			productName = MobiquityUITests;
			productReference = 7672B6D02786210D003C8740 /* MobiquityUITests.xctest */;
			productType = "com.apple.product-type.bundle.ui-testing";
		};
/* End PBXNativeTarget section */

/* Begin PBXProject section */
		7672B6A827862109003C8740 /* Project object */ = {
			isa = PBXProject;
			attributes = {
				BuildIndependentTargetsInParallel = 1;
				LastSwiftUpdateCheck = 1310;
				LastUpgradeCheck = 1310;
				TargetAttributes = {
					7672B6AF27862109003C8740 = {
						CreatedOnToolsVersion = 13.1;
					};
					7672B6C52786210D003C8740 = {
						CreatedOnToolsVersion = 13.1;
						TestTargetID = 7672B6AF27862109003C8740;
					};
					7672B6CF2786210D003C8740 = {
						CreatedOnToolsVersion = 13.1;
						TestTargetID = 7672B6AF27862109003C8740;
					};
				};
			};
			buildConfigurationList = 7672B6AB27862109003C8740 /* Build configuration list for PBXProject "Mobiquity" */;
			compatibilityVersion = "Xcode 13.0";
			developmentRegion = en;
			hasScannedForEncodings = 0;
			knownRegions = (
				en,
				Base,
			);
			mainGroup = 7672B6A727862109003C8740;
			packageReferences = (
				76754925278749E400A37870 /* XCRemoteSwiftPackageReference "Kingfisher" */,
			);
			productRefGroup = 7672B6B127862109003C8740 /* Products */;
			projectDirPath = "";
			projectRoot = "";
			targets = (
				7672B6AF27862109003C8740 /* Mobiquity */,
				7672B6C52786210D003C8740 /* MobiquityTests */,
				7672B6CF2786210D003C8740 /* MobiquityUITests */,
			);
		};
/* End PBXProject section */

/* Begin PBXResourcesBuildPhase section */
		7672B6AE27862109003C8740 /* Resources */ = {
			isa = PBXResourcesBuildPhase;
			buildActionMask = 2147483647;
			files = (
				7672B6C02786210C003C8740 /* LaunchScreen.storyboard in Resources */,
				7672B6BD2786210C003C8740 /* Assets.xcassets in Resources */,
				7672B6F62786384B003C8740 /* SearchViewController.xib in Resources */,
				7672B71627870D2B003C8740 /* FlickrImageCollectionViewCell.xib in Resources */,
			);
			runOnlyForDeploymentPostprocessing = 0;
		};
		7672B6C42786210D003C8740 /* Resources */ = {
			isa = PBXResourcesBuildPhase;
			buildActionMask = 2147483647;
			files = (
			);
			runOnlyForDeploymentPostprocessing = 0;
		};
		7672B6CE2786210D003C8740 /* Resources */ = {
			isa = PBXResourcesBuildPhase;
			buildActionMask = 2147483647;
			files = (
			);
			runOnlyForDeploymentPostprocessing = 0;
		};
/* End PBXResourcesBuildPhase section */

/* Begin PBXShellScriptBuildPhase section */
		7672B6EA278625EA003C8740 /* ShellScript */ = {
			isa = PBXShellScriptBuildPhase;
			buildActionMask = 2147483647;
			files = (
			);
			inputFileListPaths = (
			);
			inputPaths = (
			);
			outputFileListPaths = (
			);
			outputPaths = (
			);
			runOnlyForDeploymentPostprocessing = 0;
			shellPath = /bin/sh;
			shellScript = "# Type a script or drag a script file from your workspace to insert its path.\nif which swiftlint >/dev/null; then\n  swiftlint\nelse\n  echo \"warning: SwiftLint not installed, download from https://github.com/realm/SwiftLint\"\nfi\n";
		};
/* End PBXShellScriptBuildPhase section */

/* Begin PBXSourcesBuildPhase section */
		7672B6AC27862109003C8740 /* Sources */ = {
			isa = PBXSourcesBuildPhase;
			buildActionMask = 2147483647;
			files = (
				7672B702278638CD003C8740 /* CollectionViewInterface.swift in Sources */,
				7672B71527870D2B003C8740 /* FlickrImageCollectionViewCell.swift in Sources */,
				7672B6F52786384B003C8740 /* SearchViewController.swift in Sources */,
				7672B6FC27863871003C8740 /* SearchViewRouter.swift in Sources */,
				7672B70427863910003C8740 /* BaseViewPresenterInterface.swift in Sources */,
				7672B70C27863AFA003C8740 /* BaseInteractorOutput.swift in Sources */,
				7672B6FA27863869003C8740 /* SearchViewInteractor.swift in Sources */,
				7675492E2787A1D200A37870 /* TableViewInterface.swift in Sources */,
				7672B70F27863EB4003C8740 /* SearchHelper.swift in Sources */,
				7675492C2787A1B500A37870 /* TableViewPresenterInterface.swift in Sources */,
				7672B6FF278638AE003C8740 /* BaseViewInterface.swift in Sources */,
				7672B6F827863860003C8740 /* SearchViewPresenter.swift in Sources */,
				7672B7182787114A003C8740 /* FlickerImageCollectionViewCellPresentation.swift in Sources */,
				7672B70927863A3B003C8740 /* CollectionViewPresenterInterface.swift in Sources */,
				7672B6E92786242B003C8740 /* UICollectionView+Extension.swift in Sources */,
				767549332787A5D000A37870 /* SearchManager.swift in Sources */,
				7672B7072786397C003C8740 /* UIViewController+Extension.swift in Sources */,
				7672B6B427862109003C8740 /* AppDelegate.swift in Sources */,
			);
			runOnlyForDeploymentPostprocessing = 0;
		};
		7672B6C22786210D003C8740 /* Sources */ = {
			isa = PBXSourcesBuildPhase;
			buildActionMask = 2147483647;
			files = (
				7675493A27883C8500A37870 /* SearchViewPresenterTests.swift in Sources */,
				7675493C27883C8500A37870 /* MockSearchViewRouter.swift in Sources */,
				7675493927883C8500A37870 /* MockSearchViewInteractor.swift in Sources */,
				7675493E278865ED00A37870 /* MockSearchImageService.swift in Sources */,
				76754940278865F900A37870 /* MockSearchManager.swift in Sources */,
				7672B6CB2786210D003C8740 /* MobiquityTests.swift in Sources */,
				7675493B27883C8500A37870 /* MockSearchView.swift in Sources */,
			);
			runOnlyForDeploymentPostprocessing = 0;
		};
		7672B6CC2786210D003C8740 /* Sources */ = {
			isa = PBXSourcesBuildPhase;
			buildActionMask = 2147483647;
			files = (
				7672B6D72786210D003C8740 /* MobiquityUITestsLaunchTests.swift in Sources */,
				7672B6D52786210D003C8740 /* MobiquityUITests.swift in Sources */,
			);
			runOnlyForDeploymentPostprocessing = 0;
		};
/* End PBXSourcesBuildPhase section */

/* Begin PBXTargetDependency section */
		7672B6C82786210D003C8740 /* PBXTargetDependency */ = {
			isa = PBXTargetDependency;
			target = 7672B6AF27862109003C8740 /* Mobiquity */;
			targetProxy = 7672B6C72786210D003C8740 /* PBXContainerItemProxy */;
		};
		7672B6D22786210D003C8740 /* PBXTargetDependency */ = {
			isa = PBXTargetDependency;
			target = 7672B6AF27862109003C8740 /* Mobiquity */;
			targetProxy = 7672B6D12786210D003C8740 /* PBXContainerItemProxy */;
		};
/* End PBXTargetDependency section */

/* Begin PBXVariantGroup section */
		7672B6BE2786210C003C8740 /* LaunchScreen.storyboard */ = {
			isa = PBXVariantGroup;
			children = (
				7672B6BF2786210C003C8740 /* Base */,
			);
			name = LaunchScreen.storyboard;
			sourceTree = "<group>";
		};
/* End PBXVariantGroup section */

/* Begin XCBuildConfiguration section */
		7672B6D82786210D003C8740 /* Debug */ = {
			isa = XCBuildConfiguration;
			buildSettings = {
				ALWAYS_SEARCH_USER_PATHS = NO;
				CLANG_ANALYZER_NONNULL = YES;
				CLANG_ANALYZER_NUMBER_OBJECT_CONVERSION = YES_AGGRESSIVE;
				CLANG_CXX_LANGUAGE_STANDARD = "gnu++17";
				CLANG_CXX_LIBRARY = "libc++";
				CLANG_ENABLE_MODULES = YES;
				CLANG_ENABLE_OBJC_ARC = YES;
				CLANG_ENABLE_OBJC_WEAK = YES;
				CLANG_WARN_BLOCK_CAPTURE_AUTORELEASING = YES;
				CLANG_WARN_BOOL_CONVERSION = YES;
				CLANG_WARN_COMMA = YES;
				CLANG_WARN_CONSTANT_CONVERSION = YES;
				CLANG_WARN_DEPRECATED_OBJC_IMPLEMENTATIONS = YES;
				CLANG_WARN_DIRECT_OBJC_ISA_USAGE = YES_ERROR;
				CLANG_WARN_DOCUMENTATION_COMMENTS = YES;
				CLANG_WARN_EMPTY_BODY = YES;
				CLANG_WARN_ENUM_CONVERSION = YES;
				CLANG_WARN_INFINITE_RECURSION = YES;
				CLANG_WARN_INT_CONVERSION = YES;
				CLANG_WARN_NON_LITERAL_NULL_CONVERSION = YES;
				CLANG_WARN_OBJC_IMPLICIT_RETAIN_SELF = YES;
				CLANG_WARN_OBJC_LITERAL_CONVERSION = YES;
				CLANG_WARN_OBJC_ROOT_CLASS = YES_ERROR;
				CLANG_WARN_QUOTED_INCLUDE_IN_FRAMEWORK_HEADER = YES;
				CLANG_WARN_RANGE_LOOP_ANALYSIS = YES;
				CLANG_WARN_STRICT_PROTOTYPES = YES;
				CLANG_WARN_SUSPICIOUS_MOVE = YES;
				CLANG_WARN_UNGUARDED_AVAILABILITY = YES_AGGRESSIVE;
				CLANG_WARN_UNREACHABLE_CODE = YES;
				CLANG_WARN__DUPLICATE_METHOD_MATCH = YES;
				COPY_PHASE_STRIP = NO;
				DEBUG_INFORMATION_FORMAT = dwarf;
				ENABLE_STRICT_OBJC_MSGSEND = YES;
				ENABLE_TESTABILITY = YES;
				GCC_C_LANGUAGE_STANDARD = gnu11;
				GCC_DYNAMIC_NO_PIC = NO;
				GCC_NO_COMMON_BLOCKS = YES;
				GCC_OPTIMIZATION_LEVEL = 0;
				GCC_PREPROCESSOR_DEFINITIONS = (
					"DEBUG=1",
					"$(inherited)",
				);
				GCC_WARN_64_TO_32_BIT_CONVERSION = YES;
				GCC_WARN_ABOUT_RETURN_TYPE = YES_ERROR;
				GCC_WARN_UNDECLARED_SELECTOR = YES;
				GCC_WARN_UNINITIALIZED_AUTOS = YES_AGGRESSIVE;
				GCC_WARN_UNUSED_FUNCTION = YES;
				GCC_WARN_UNUSED_VARIABLE = YES;
				IPHONEOS_DEPLOYMENT_TARGET = 13.0;
				MTL_ENABLE_DEBUG_INFO = INCLUDE_SOURCE;
				MTL_FAST_MATH = YES;
				ONLY_ACTIVE_ARCH = YES;
				SDKROOT = iphoneos;
				SWIFT_ACTIVE_COMPILATION_CONDITIONS = DEBUG;
				SWIFT_OPTIMIZATION_LEVEL = "-Onone";
			};
			name = Debug;
		};
		7672B6D92786210D003C8740 /* Release */ = {
			isa = XCBuildConfiguration;
			buildSettings = {
				ALWAYS_SEARCH_USER_PATHS = NO;
				CLANG_ANALYZER_NONNULL = YES;
				CLANG_ANALYZER_NUMBER_OBJECT_CONVERSION = YES_AGGRESSIVE;
				CLANG_CXX_LANGUAGE_STANDARD = "gnu++17";
				CLANG_CXX_LIBRARY = "libc++";
				CLANG_ENABLE_MODULES = YES;
				CLANG_ENABLE_OBJC_ARC = YES;
				CLANG_ENABLE_OBJC_WEAK = YES;
				CLANG_WARN_BLOCK_CAPTURE_AUTORELEASING = YES;
				CLANG_WARN_BOOL_CONVERSION = YES;
				CLANG_WARN_COMMA = YES;
				CLANG_WARN_CONSTANT_CONVERSION = YES;
				CLANG_WARN_DEPRECATED_OBJC_IMPLEMENTATIONS = YES;
				CLANG_WARN_DIRECT_OBJC_ISA_USAGE = YES_ERROR;
				CLANG_WARN_DOCUMENTATION_COMMENTS = YES;
				CLANG_WARN_EMPTY_BODY = YES;
				CLANG_WARN_ENUM_CONVERSION = YES;
				CLANG_WARN_INFINITE_RECURSION = YES;
				CLANG_WARN_INT_CONVERSION = YES;
				CLANG_WARN_NON_LITERAL_NULL_CONVERSION = YES;
				CLANG_WARN_OBJC_IMPLICIT_RETAIN_SELF = YES;
				CLANG_WARN_OBJC_LITERAL_CONVERSION = YES;
				CLANG_WARN_OBJC_ROOT_CLASS = YES_ERROR;
				CLANG_WARN_QUOTED_INCLUDE_IN_FRAMEWORK_HEADER = YES;
				CLANG_WARN_RANGE_LOOP_ANALYSIS = YES;
				CLANG_WARN_STRICT_PROTOTYPES = YES;
				CLANG_WARN_SUSPICIOUS_MOVE = YES;
				CLANG_WARN_UNGUARDED_AVAILABILITY = YES_AGGRESSIVE;
				CLANG_WARN_UNREACHABLE_CODE = YES;
				CLANG_WARN__DUPLICATE_METHOD_MATCH = YES;
				COPY_PHASE_STRIP = NO;
				DEBUG_INFORMATION_FORMAT = "dwarf-with-dsym";
				ENABLE_NS_ASSERTIONS = NO;
				ENABLE_STRICT_OBJC_MSGSEND = YES;
				GCC_C_LANGUAGE_STANDARD = gnu11;
				GCC_NO_COMMON_BLOCKS = YES;
				GCC_WARN_64_TO_32_BIT_CONVERSION = YES;
				GCC_WARN_ABOUT_RETURN_TYPE = YES_ERROR;
				GCC_WARN_UNDECLARED_SELECTOR = YES;
				GCC_WARN_UNINITIALIZED_AUTOS = YES_AGGRESSIVE;
				GCC_WARN_UNUSED_FUNCTION = YES;
				GCC_WARN_UNUSED_VARIABLE = YES;
				IPHONEOS_DEPLOYMENT_TARGET = 13.0;
				MTL_ENABLE_DEBUG_INFO = NO;
				MTL_FAST_MATH = YES;
				SDKROOT = iphoneos;
				SWIFT_COMPILATION_MODE = wholemodule;
				SWIFT_OPTIMIZATION_LEVEL = "-O";
				VALIDATE_PRODUCT = YES;
			};
			name = Release;
		};
		7672B6DB2786210D003C8740 /* Debug */ = {
			isa = XCBuildConfiguration;
			buildSettings = {
				ASSETCATALOG_COMPILER_APPICON_NAME = AppIcon;
				ASSETCATALOG_COMPILER_GLOBAL_ACCENT_COLOR_NAME = AccentColor;
				CODE_SIGN_STYLE = Automatic;
				CURRENT_PROJECT_VERSION = 1;
				GENERATE_INFOPLIST_FILE = YES;
				INFOPLIST_FILE = Mobiquity/Info.plist;
				INFOPLIST_KEY_UIApplicationSupportsIndirectInputEvents = YES;
				INFOPLIST_KEY_UILaunchStoryboardName = LaunchScreen;
				INFOPLIST_KEY_UISupportedInterfaceOrientations_iPad = "UIInterfaceOrientationPortrait UIInterfaceOrientationPortraitUpsideDown UIInterfaceOrientationLandscapeLeft UIInterfaceOrientationLandscapeRight";
				INFOPLIST_KEY_UISupportedInterfaceOrientations_iPhone = "UIInterfaceOrientationPortrait UIInterfaceOrientationLandscapeLeft UIInterfaceOrientationLandscapeRight";
				IPHONEOS_DEPLOYMENT_TARGET = 13.0;
				LD_RUNPATH_SEARCH_PATHS = (
					"$(inherited)",
					"@executable_path/Frameworks",
				);
				MARKETING_VERSION = 1.0;
				PRODUCT_BUNDLE_IDENTIFIER = project.tryout.emrahakgul.Mobiquity;
				PRODUCT_NAME = "$(TARGET_NAME)";
				SWIFT_EMIT_LOC_STRINGS = YES;
				SWIFT_VERSION = 5.0;
				TARGETED_DEVICE_FAMILY = "1,2";
			};
			name = Debug;
		};
		7672B6DC2786210D003C8740 /* Release */ = {
			isa = XCBuildConfiguration;
			buildSettings = {
				ASSETCATALOG_COMPILER_APPICON_NAME = AppIcon;
				ASSETCATALOG_COMPILER_GLOBAL_ACCENT_COLOR_NAME = AccentColor;
				CODE_SIGN_STYLE = Automatic;
				CURRENT_PROJECT_VERSION = 1;
				GENERATE_INFOPLIST_FILE = YES;
				INFOPLIST_FILE = Mobiquity/Info.plist;
				INFOPLIST_KEY_UIApplicationSupportsIndirectInputEvents = YES;
				INFOPLIST_KEY_UILaunchStoryboardName = LaunchScreen;
				INFOPLIST_KEY_UISupportedInterfaceOrientations_iPad = "UIInterfaceOrientationPortrait UIInterfaceOrientationPortraitUpsideDown UIInterfaceOrientationLandscapeLeft UIInterfaceOrientationLandscapeRight";
				INFOPLIST_KEY_UISupportedInterfaceOrientations_iPhone = "UIInterfaceOrientationPortrait UIInterfaceOrientationLandscapeLeft UIInterfaceOrientationLandscapeRight";
				IPHONEOS_DEPLOYMENT_TARGET = 13.0;
				LD_RUNPATH_SEARCH_PATHS = (
					"$(inherited)",
					"@executable_path/Frameworks",
				);
				MARKETING_VERSION = 1.0;
				PRODUCT_BUNDLE_IDENTIFIER = project.tryout.emrahakgul.Mobiquity;
				PRODUCT_NAME = "$(TARGET_NAME)";
				SWIFT_EMIT_LOC_STRINGS = YES;
				SWIFT_VERSION = 5.0;
				TARGETED_DEVICE_FAMILY = "1,2";
			};
			name = Release;
		};
		7672B6DE2786210D003C8740 /* Debug */ = {
			isa = XCBuildConfiguration;
			buildSettings = {
				ALWAYS_EMBED_SWIFT_STANDARD_LIBRARIES = YES;
				BUNDLE_LOADER = "$(TEST_HOST)";
				CODE_SIGN_STYLE = Automatic;
				CURRENT_PROJECT_VERSION = 1;
				GENERATE_INFOPLIST_FILE = YES;
				IPHONEOS_DEPLOYMENT_TARGET = 15.0;
				LD_RUNPATH_SEARCH_PATHS = (
					"$(inherited)",
					"@executable_path/Frameworks",
					"@loader_path/Frameworks",
				);
				MARKETING_VERSION = 1.0;
				PRODUCT_BUNDLE_IDENTIFIER = project.tryout.emrahakgul.MobiquityTests;
				PRODUCT_NAME = "$(TARGET_NAME)";
				SWIFT_EMIT_LOC_STRINGS = NO;
				SWIFT_VERSION = 5.0;
				TARGETED_DEVICE_FAMILY = "1,2";
				TEST_HOST = "$(BUILT_PRODUCTS_DIR)/Mobiquity.app/Mobiquity";
			};
			name = Debug;
		};
		7672B6DF2786210D003C8740 /* Release */ = {
			isa = XCBuildConfiguration;
			buildSettings = {
				ALWAYS_EMBED_SWIFT_STANDARD_LIBRARIES = YES;
				BUNDLE_LOADER = "$(TEST_HOST)";
				CODE_SIGN_STYLE = Automatic;
				CURRENT_PROJECT_VERSION = 1;
				GENERATE_INFOPLIST_FILE = YES;
				IPHONEOS_DEPLOYMENT_TARGET = 15.0;
				LD_RUNPATH_SEARCH_PATHS = (
					"$(inherited)",
					"@executable_path/Frameworks",
					"@loader_path/Frameworks",
				);
				MARKETING_VERSION = 1.0;
				PRODUCT_BUNDLE_IDENTIFIER = project.tryout.emrahakgul.MobiquityTests;
				PRODUCT_NAME = "$(TARGET_NAME)";
				SWIFT_EMIT_LOC_STRINGS = NO;
				SWIFT_VERSION = 5.0;
				TARGETED_DEVICE_FAMILY = "1,2";
				TEST_HOST = "$(BUILT_PRODUCTS_DIR)/Mobiquity.app/Mobiquity";
			};
			name = Release;
		};
		7672B6E12786210D003C8740 /* Debug */ = {
			isa = XCBuildConfiguration;
			buildSettings = {
				ALWAYS_EMBED_SWIFT_STANDARD_LIBRARIES = YES;
				CODE_SIGN_STYLE = Automatic;
				CURRENT_PROJECT_VERSION = 1;
				GENERATE_INFOPLIST_FILE = YES;
				LD_RUNPATH_SEARCH_PATHS = (
					"$(inherited)",
					"@executable_path/Frameworks",
					"@loader_path/Frameworks",
				);
				MARKETING_VERSION = 1.0;
				PRODUCT_BUNDLE_IDENTIFIER = project.tryout.emrahakgul.MobiquityUITests;
				PRODUCT_NAME = "$(TARGET_NAME)";
				SWIFT_EMIT_LOC_STRINGS = NO;
				SWIFT_VERSION = 5.0;
				TARGETED_DEVICE_FAMILY = "1,2";
				TEST_TARGET_NAME = Mobiquity;
			};
			name = Debug;
		};
		7672B6E22786210D003C8740 /* Release */ = {
			isa = XCBuildConfiguration;
			buildSettings = {
				ALWAYS_EMBED_SWIFT_STANDARD_LIBRARIES = YES;
				CODE_SIGN_STYLE = Automatic;
				CURRENT_PROJECT_VERSION = 1;
				GENERATE_INFOPLIST_FILE = YES;
				LD_RUNPATH_SEARCH_PATHS = (
					"$(inherited)",
					"@executable_path/Frameworks",
					"@loader_path/Frameworks",
				);
				MARKETING_VERSION = 1.0;
				PRODUCT_BUNDLE_IDENTIFIER = project.tryout.emrahakgul.MobiquityUITests;
				PRODUCT_NAME = "$(TARGET_NAME)";
				SWIFT_EMIT_LOC_STRINGS = NO;
				SWIFT_VERSION = 5.0;
				TARGETED_DEVICE_FAMILY = "1,2";
				TEST_TARGET_NAME = Mobiquity;
			};
			name = Release;
		};
/* End XCBuildConfiguration section */

/* Begin XCConfigurationList section */
		7672B6AB27862109003C8740 /* Build configuration list for PBXProject "Mobiquity" */ = {
			isa = XCConfigurationList;
			buildConfigurations = (
				7672B6D82786210D003C8740 /* Debug */,
				7672B6D92786210D003C8740 /* Release */,
			);
			defaultConfigurationIsVisible = 0;
			defaultConfigurationName = Release;
		};
		7672B6DA2786210D003C8740 /* Build configuration list for PBXNativeTarget "Mobiquity" */ = {
			isa = XCConfigurationList;
			buildConfigurations = (
				7672B6DB2786210D003C8740 /* Debug */,
				7672B6DC2786210D003C8740 /* Release */,
			);
			defaultConfigurationIsVisible = 0;
			defaultConfigurationName = Release;
		};
		7672B6DD2786210D003C8740 /* Build configuration list for PBXNativeTarget "MobiquityTests" */ = {
			isa = XCConfigurationList;
			buildConfigurations = (
				7672B6DE2786210D003C8740 /* Debug */,
				7672B6DF2786210D003C8740 /* Release */,
			);
			defaultConfigurationIsVisible = 0;
			defaultConfigurationName = Release;
		};
		7672B6E02786210D003C8740 /* Build configuration list for PBXNativeTarget "MobiquityUITests" */ = {
			isa = XCConfigurationList;
			buildConfigurations = (
				7672B6E12786210D003C8740 /* Debug */,
				7672B6E22786210D003C8740 /* Release */,
			);
			defaultConfigurationIsVisible = 0;
			defaultConfigurationName = Release;
		};
/* End XCConfigurationList section */

/* Begin XCRemoteSwiftPackageReference section */
		76754925278749E400A37870 /* XCRemoteSwiftPackageReference "Kingfisher" */ = {
			isa = XCRemoteSwiftPackageReference;
			repositoryURL = "https://github.com/onevcat/Kingfisher";
			requirement = {
				kind = upToNextMajorVersion;
				minimumVersion = 7.0.0;
			};
		};
/* End XCRemoteSwiftPackageReference section */

/* Begin XCSwiftPackageProductDependency section */
		7672B6EC27862764003C8740 /* Network */ = {
			isa = XCSwiftPackageProductDependency;
			productName = Network;
		};
		76754926278749E400A37870 /* Kingfisher */ = {
			isa = XCSwiftPackageProductDependency;
			package = 76754925278749E400A37870 /* XCRemoteSwiftPackageReference "Kingfisher" */;
			productName = Kingfisher;
		};
/* End XCSwiftPackageProductDependency section */
	};
	rootObject = 7672B6A827862109003C8740 /* Project object */;
}
